
Microsoft Visual Studio Solution File, Format Version 12.00
# Visual Studio Version 17
VisualStudioVersion = 17.4.33213.308
MinimumVisualStudioVersion = 10.0.40219.1
Project("{FAE04EC0-301F-11D3-BF4B-00C04F79EFBC}") = "Exercicio5", "Exercicio5\Exercicio5.csproj", "{4C285F7D-3A6C-4FE8-BCBA-AC7241518CEC}"
EndProject
Global
	GlobalSection(SolutionConfigurationPlatforms) = preSolution
		Debug|Any CPU = Debug|Any CPU
		Release|Any CPU = Release|Any CPU
	EndGlobalSection
	GlobalSection(ProjectConfigurationPlatforms) = postSolution
		{4C285F7D-3A6C-4FE8-BCBA-AC7241518CEC}.Debug|Any CPU.ActiveCfg = Debug|Any CPU
		{4C285F7D-3A6C-4FE8-BCBA-AC7241518CEC}.Debug|Any CPU.Build.0 = Debug|Any CPU
		{4C285F7D-3A6C-4FE8-BCBA-AC7241518CEC}.Release|Any CPU.ActiveCfg = Release|Any CPU
		{4C285F7D-3A6C-4FE8-BCBA-AC7241518CEC}.Release|Any CPU.Build.0 = Release|Any CPU
	EndGlobalSection
	GlobalSection(SolutionProperties) = preSolution
		HideSolutionNode = FALSE
	EndGlobalSection
	GlobalSection(ExtensibilityGlobals) = postSolution
		SolutionGuid = {1B871A72-CB4C-4A2B-A24F-C219BF260F07}
	EndGlobalSection
EndGlobal
