
Microsoft Visual Studio Solution File, Format Version 12.00
# Visual Studio Version 17
VisualStudioVersion = 17.4.33205.214
MinimumVisualStudioVersion = 10.0.40219.1
Project("{FAE04EC0-301F-11D3-BF4B-00C04F79EFBC}") = "Exercicio11", "Exercicio11\Exercicio11.csproj", "{5A10C798-9360-4169-AD8A-DB7E3D1795E8}"
EndProject
Global
	GlobalSection(SolutionConfigurationPlatforms) = preSolution
		Debug|Any CPU = Debug|Any CPU
		Release|Any CPU = Release|Any CPU
	EndGlobalSection
	GlobalSection(ProjectConfigurationPlatforms) = postSolution
		{5A10C798-9360-4169-AD8A-DB7E3D1795E8}.Debug|Any CPU.ActiveCfg = Debug|Any CPU
		{5A10C798-9360-4169-AD8A-DB7E3D1795E8}.Debug|Any CPU.Build.0 = Debug|Any CPU
		{5A10C798-9360-4169-AD8A-DB7E3D1795E8}.Release|Any CPU.ActiveCfg = Release|Any CPU
		{5A10C798-9360-4169-AD8A-DB7E3D1795E8}.Release|Any CPU.Build.0 = Release|Any CPU
	EndGlobalSection
	GlobalSection(SolutionProperties) = preSolution
		HideSolutionNode = FALSE
	EndGlobalSection
	GlobalSection(ExtensibilityGlobals) = postSolution
		SolutionGuid = {D7010093-5431-4B39-A005-0A89A68FA4C2}
	EndGlobalSection
EndGlobal
