
Microsoft Visual Studio Solution File, Format Version 12.00
# Visual Studio Version 17
VisualStudioVersion = 17.4.33205.214
MinimumVisualStudioVersion = 10.0.40219.1
Project("{FAE04EC0-301F-11D3-BF4B-00C04F79EFBC}") = "Exercicio8", "Exercicio8\Exercicio8.csproj", "{D29AB642-E7EB-4C3B-B003-895F517D8CC4}"
EndProject
Global
	GlobalSection(SolutionConfigurationPlatforms) = preSolution
		Debug|Any CPU = Debug|Any CPU
		Release|Any CPU = Release|Any CPU
	EndGlobalSection
	GlobalSection(ProjectConfigurationPlatforms) = postSolution
		{D29AB642-E7EB-4C3B-B003-895F517D8CC4}.Debug|Any CPU.ActiveCfg = Debug|Any CPU
		{D29AB642-E7EB-4C3B-B003-895F517D8CC4}.Debug|Any CPU.Build.0 = Debug|Any CPU
		{D29AB642-E7EB-4C3B-B003-895F517D8CC4}.Release|Any CPU.ActiveCfg = Release|Any CPU
		{D29AB642-E7EB-4C3B-B003-895F517D8CC4}.Release|Any CPU.Build.0 = Release|Any CPU
	EndGlobalSection
	GlobalSection(SolutionProperties) = preSolution
		HideSolutionNode = FALSE
	EndGlobalSection
	GlobalSection(ExtensibilityGlobals) = postSolution
		SolutionGuid = {A3C0D1F3-D571-458F-BCA8-631049824174}
	EndGlobalSection
EndGlobal
