
Microsoft Visual Studio Solution File, Format Version 12.00
# Visual Studio Version 17
VisualStudioVersion = 17.4.33205.214
MinimumVisualStudioVersion = 10.0.40219.1
Project("{FAE04EC0-301F-11D3-BF4B-00C04F79EFBC}") = "Exercicio13", "Exercicio13\Exercicio13.csproj", "{280B8DDE-7149-42EE-B1CE-E22336F65D50}"
EndProject
Global
	GlobalSection(SolutionConfigurationPlatforms) = preSolution
		Debug|Any CPU = Debug|Any CPU
		Release|Any CPU = Release|Any CPU
	EndGlobalSection
	GlobalSection(ProjectConfigurationPlatforms) = postSolution
		{280B8DDE-7149-42EE-B1CE-E22336F65D50}.Debug|Any CPU.ActiveCfg = Debug|Any CPU
		{280B8DDE-7149-42EE-B1CE-E22336F65D50}.Debug|Any CPU.Build.0 = Debug|Any CPU
		{280B8DDE-7149-42EE-B1CE-E22336F65D50}.Release|Any CPU.ActiveCfg = Release|Any CPU
		{280B8DDE-7149-42EE-B1CE-E22336F65D50}.Release|Any CPU.Build.0 = Release|Any CPU
	EndGlobalSection
	GlobalSection(SolutionProperties) = preSolution
		HideSolutionNode = FALSE
	EndGlobalSection
	GlobalSection(ExtensibilityGlobals) = postSolution
		SolutionGuid = {6FAA8F86-5D8A-4F25-B0EA-6D4361BEF152}
	EndGlobalSection
EndGlobal
