
Microsoft Visual Studio Solution File, Format Version 12.00
# Visual Studio Version 17
VisualStudioVersion = 17.4.33205.214
MinimumVisualStudioVersion = 10.0.40219.1
Project("{FAE04EC0-301F-11D3-BF4B-00C04F79EFBC}") = "Exercicio16", "Exercicio16\Exercicio16.csproj", "{7BFC2EF3-3E02-4DB9-9CB8-D490926FDF25}"
EndProject
Global
	GlobalSection(SolutionConfigurationPlatforms) = preSolution
		Debug|Any CPU = Debug|Any CPU
		Release|Any CPU = Release|Any CPU
	EndGlobalSection
	GlobalSection(ProjectConfigurationPlatforms) = postSolution
		{7BFC2EF3-3E02-4DB9-9CB8-D490926FDF25}.Debug|Any CPU.ActiveCfg = Debug|Any CPU
		{7BFC2EF3-3E02-4DB9-9CB8-D490926FDF25}.Debug|Any CPU.Build.0 = Debug|Any CPU
		{7BFC2EF3-3E02-4DB9-9CB8-D490926FDF25}.Release|Any CPU.ActiveCfg = Release|Any CPU
		{7BFC2EF3-3E02-4DB9-9CB8-D490926FDF25}.Release|Any CPU.Build.0 = Release|Any CPU
	EndGlobalSection
	GlobalSection(SolutionProperties) = preSolution
		HideSolutionNode = FALSE
	EndGlobalSection
	GlobalSection(ExtensibilityGlobals) = postSolution
		SolutionGuid = {F90B1CA1-E4C0-4EA5-ACBD-A297FCF85A77}
	EndGlobalSection
EndGlobal
